// !$*UTF8*$!
{
	archiveVersion = 1;
	classes = {
	};
	objectVersion = 56;
	objects = {

/* Begin PBXBuildFile section */
		B15126B5295B8E9E003D2840 /* RhythmAndCoApp.swift in Sources */ = {isa = PBXBuildFile; fileRef = B15126B4295B8E9E003D2840 /* RhythmAndCoApp.swift */; };
		B15126B7295B8E9E003D2840 /* HomeView.swift in Sources */ = {isa = PBXBuildFile; fileRef = B15126B6295B8E9E003D2840 /* HomeView.swift */; };
		B15126B9295B8E9F003D2840 /* Assets.xcassets in Resources */ = {isa = PBXBuildFile; fileRef = B15126B8295B8E9F003D2840 /* Assets.xcassets */; };
		B15126BC295B8E9F003D2840 /* Preview Assets.xcassets in Resources */ = {isa = PBXBuildFile; fileRef = B15126BB295B8E9F003D2840 /* Preview Assets.xcassets */; };
		B15126CE295B9304003D2840 /* PlayView.swift in Sources */ = {isa = PBXBuildFile; fileRef = B15126CD295B9304003D2840 /* PlayView.swift */; };
		B15126D8295B93E9003D2840 /* AudioKit in Frameworks */ = {isa = PBXBuildFile; productRef = B15126D7295B93E9003D2840 /* AudioKit */; };
		B15126E7295B9CDD003D2840 /* Demo.mid in Resources */ = {isa = PBXBuildFile; fileRef = B15126E6295B9CDD003D2840 /* Demo.mid */; };
		B15126E8295B9CE4003D2840 /* 4tracks.mid in Resources */ = {isa = PBXBuildFile; fileRef = B15126D1295B938F003D2840 /* 4tracks.mid */; };
		B15126E9295B9CE4003D2840 /* doi.mid in Resources */ = {isa = PBXBuildFile; fileRef = B15126D2295B938F003D2840 /* doi.mid */; };
		B17743D02966113F00193632 /* AudioRecognition.swift in Sources */ = {isa = PBXBuildFile; fileRef = B17743CF2966113F00193632 /* AudioRecognition.swift */; };
		B17743D32966125300193632 /* SoundpipeAudioKit in Frameworks */ = {isa = PBXBuildFile; productRef = B17743D22966125300193632 /* SoundpipeAudioKit */; };
		B1F7FF29295B9F8900E764C1 /* PlayViewModel.swift in Sources */ = {isa = PBXBuildFile; fileRef = B1F7FF28295B9F8900E764C1 /* PlayViewModel.swift */; };
		B1F7FF2B295BA56500E764C1 /* Notes.swift in Sources */ = {isa = PBXBuildFile; fileRef = B1F7FF2A295BA56500E764C1 /* Notes.swift */; };
		B1FEDF6D295EF8C000DDA758 /* Fretboard in Frameworks */ = {isa = PBXBuildFile; productRef = B1FEDF6C295EF8C000DDA758 /* Fretboard */; };
/* End PBXBuildFile section */

/* Begin PBXFileReference section */
		B15126B1295B8E9E003D2840 /* RhythmAndCo.app */ = {isa = PBXFileReference; explicitFileType = wrapper.application; includeInIndex = 0; path = RhythmAndCo.app; sourceTree = BUILT_PRODUCTS_DIR; };
		B15126B4295B8E9E003D2840 /* RhythmAndCoApp.swift */ = {isa = PBXFileReference; lastKnownFileType = sourcecode.swift; path = RhythmAndCoApp.swift; sourceTree = "<group>"; };
		B15126B6295B8E9E003D2840 /* HomeView.swift */ = {isa = PBXFileReference; lastKnownFileType = sourcecode.swift; path = HomeView.swift; sourceTree = "<group>"; };
		B15126B8295B8E9F003D2840 /* Assets.xcassets */ = {isa = PBXFileReference; lastKnownFileType = folder.assetcatalog; path = Assets.xcassets; sourceTree = "<group>"; };
		B15126BB295B8E9F003D2840 /* Preview Assets.xcassets */ = {isa = PBXFileReference; lastKnownFileType = folder.assetcatalog; path = "Preview Assets.xcassets"; sourceTree = "<group>"; };
		B15126CD295B9304003D2840 /* PlayView.swift */ = {isa = PBXFileReference; lastKnownFileType = sourcecode.swift; path = PlayView.swift; sourceTree = "<group>"; };
		B15126D1295B938F003D2840 /* 4tracks.mid */ = {isa = PBXFileReference; lastKnownFileType = audio.midi; path = 4tracks.mid; sourceTree = "<group>"; };
		B15126D2295B938F003D2840 /* doi.mid */ = {isa = PBXFileReference; lastKnownFileType = audio.midi; path = doi.mid; sourceTree = "<group>"; };
		B15126E6295B9CDD003D2840 /* Demo.mid */ = {isa = PBXFileReference; lastKnownFileType = audio.midi; path = Demo.mid; sourceTree = "<group>"; };
		B17743CF2966113F00193632 /* AudioRecognition.swift */ = {isa = PBXFileReference; lastKnownFileType = sourcecode.swift; path = AudioRecognition.swift; sourceTree = "<group>"; };
		B17743D42966147D00193632 /* Info.plist */ = {isa = PBXFileReference; lastKnownFileType = text.plist; path = Info.plist; sourceTree = "<group>"; };
		B1F7FF28295B9F8900E764C1 /* PlayViewModel.swift */ = {isa = PBXFileReference; lastKnownFileType = sourcecode.swift; path = PlayViewModel.swift; sourceTree = "<group>"; };
		B1F7FF2A295BA56500E764C1 /* Notes.swift */ = {isa = PBXFileReference; lastKnownFileType = sourcecode.swift; path = Notes.swift; sourceTree = "<group>"; };
/* End PBXFileReference section */

/* Begin PBXFrameworksBuildPhase section */
		B15126AE295B8E9E003D2840 /* Frameworks */ = {
			isa = PBXFrameworksBuildPhase;
			buildActionMask = 2147483647;
			files = (
				B1FEDF6D295EF8C000DDA758 /* Fretboard in Frameworks */,
				B15126D8295B93E9003D2840 /* AudioKit in Frameworks */,
				B17743D32966125300193632 /* SoundpipeAudioKit in Frameworks */,
			);
			runOnlyForDeploymentPostprocessing = 0;
		};
/* End PBXFrameworksBuildPhase section */

/* Begin PBXGroup section */
		B15126A8295B8E9E003D2840 = {
			isa = PBXGroup;
			children = (
				B15126B3295B8E9E003D2840 /* RhythmAndCo */,
				B15126B2295B8E9E003D2840 /* Products */,
			);
			sourceTree = "<group>";
		};
		B15126B2295B8E9E003D2840 /* Products */ = {
			isa = PBXGroup;
			children = (
				B15126B1295B8E9E003D2840 /* RhythmAndCo.app */,
			);
			name = Products;
			sourceTree = "<group>";
		};
		B15126B3295B8E9E003D2840 /* RhythmAndCo */ = {
			isa = PBXGroup;
			children = (
				B17743D42966147D00193632 /* Info.plist */,
				B15126CF295B938F003D2840 /* MIDI Files */,
				B15126C2295B8FED003D2840 /* App */,
				B15126C3295B8FF4003D2840 /* Core */,
				B15126C4295B8FF8003D2840 /* Models */,
				B15126C6295B9025003D2840 /* Utils */,
				B15126C7295B9037003D2840 /* Extensions */,
				B15126B8295B8E9F003D2840 /* Assets.xcassets */,
				B15126BA295B8E9F003D2840 /* Preview Content */,
			);
			path = RhythmAndCo;
			sourceTree = "<group>";
		};
		B15126BA295B8E9F003D2840 /* Preview Content */ = {
			isa = PBXGroup;
			children = (
				B15126BB295B8E9F003D2840 /* Preview Assets.xcassets */,
			);
			path = "Preview Content";
			sourceTree = "<group>";
		};
		B15126C2295B8FED003D2840 /* App */ = {
			isa = PBXGroup;
			children = (
				B15126B4295B8E9E003D2840 /* RhythmAndCoApp.swift */,
			);
			path = App;
			sourceTree = "<group>";
		};
		B15126C3295B8FF4003D2840 /* Core */ = {
			isa = PBXGroup;
			children = (
				B15126CC295B9138003D2840 /* Home */,
				B15126CB295B9123003D2840 /* Play */,
				B15126C8295B9063003D2840 /* Login */,
				B15126CA295B907A003D2840 /* Register */,
			);
			path = Core;
			sourceTree = "<group>";
		};
		B15126C4295B8FF8003D2840 /* Models */ = {
			isa = PBXGroup;
			children = (
				B1F7FF2A295BA56500E764C1 /* Notes.swift */,
			);
			path = Models;
			sourceTree = "<group>";
		};
		B15126C6295B9025003D2840 /* Utils */ = {
			isa = PBXGroup;
			children = (
			);
			path = Utils;
			sourceTree = "<group>";
		};
		B15126C7295B9037003D2840 /* Extensions */ = {
			isa = PBXGroup;
			children = (
			);
			path = Extensions;
			sourceTree = "<group>";
		};
		B15126C8295B9063003D2840 /* Login */ = {
			isa = PBXGroup;
			children = (
			);
			path = Login;
			sourceTree = "<group>";
		};
		B15126CA295B907A003D2840 /* Register */ = {
			isa = PBXGroup;
			children = (
			);
			path = Register;
			sourceTree = "<group>";
		};
		B15126CB295B9123003D2840 /* Play */ = {
			isa = PBXGroup;
			children = (
				B15126CD295B9304003D2840 /* PlayView.swift */,
				B1F7FF28295B9F8900E764C1 /* PlayViewModel.swift */,
				B17743CF2966113F00193632 /* AudioRecognition.swift */,
			);
			path = Play;
			sourceTree = "<group>";
		};
		B15126CC295B9138003D2840 /* Home */ = {
			isa = PBXGroup;
			children = (
				B15126B6295B8E9E003D2840 /* HomeView.swift */,
			);
			path = Home;
			sourceTree = "<group>";
		};
		B15126CF295B938F003D2840 /* MIDI Files */ = {
			isa = PBXGroup;
			children = (
				B15126E6295B9CDD003D2840 /* Demo.mid */,
				B15126D1295B938F003D2840 /* 4tracks.mid */,
				B15126D2295B938F003D2840 /* doi.mid */,
			);
			path = "MIDI Files";
			sourceTree = "<group>";
		};
/* End PBXGroup section */

/* Begin PBXNativeTarget section */
		B15126B0295B8E9E003D2840 /* RhythmAndCo */ = {
			isa = PBXNativeTarget;
			buildConfigurationList = B15126BF295B8E9F003D2840 /* Build configuration list for PBXNativeTarget "RhythmAndCo" */;
			buildPhases = (
				B15126AD295B8E9E003D2840 /* Sources */,
				B15126AE295B8E9E003D2840 /* Frameworks */,
				B15126AF295B8E9E003D2840 /* Resources */,
			);
			buildRules = (
			);
			dependencies = (
			);
			name = RhythmAndCo;
			packageProductDependencies = (
				B15126D7295B93E9003D2840 /* AudioKit */,
				B1FEDF6C295EF8C000DDA758 /* Fretboard */,
				B17743D22966125300193632 /* SoundpipeAudioKit */,
			);
			productName = RhythmAndCo;
			productReference = B15126B1295B8E9E003D2840 /* RhythmAndCo.app */;
			productType = "com.apple.product-type.application";
		};
/* End PBXNativeTarget section */

/* Begin PBXProject section */
		B15126A9295B8E9E003D2840 /* Project object */ = {
			isa = PBXProject;
			attributes = {
				BuildIndependentTargetsInParallel = 1;
				LastSwiftUpdateCheck = 1410;
				LastUpgradeCheck = 1410;
				TargetAttributes = {
					B15126B0295B8E9E003D2840 = {
						CreatedOnToolsVersion = 14.1;
					};
				};
			};
			buildConfigurationList = B15126AC295B8E9E003D2840 /* Build configuration list for PBXProject "RhythmAndCo" */;
			compatibilityVersion = "Xcode 14.0";
			developmentRegion = en;
			hasScannedForEncodings = 0;
			knownRegions = (
				en,
				Base,
			);
			mainGroup = B15126A8295B8E9E003D2840;
			packageReferences = (
				B15126D6295B93E9003D2840 /* XCRemoteSwiftPackageReference "AudioKit" */,
				B1FEDF6B295EF8C000DDA758 /* XCRemoteSwiftPackageReference "Fretboard" */,
				B17743D12966125300193632 /* XCRemoteSwiftPackageReference "SoundpipeAudioKit" */,
			);
			productRefGroup = B15126B2295B8E9E003D2840 /* Products */;
			projectDirPath = "";
			projectRoot = "";
			targets = (
				B15126B0295B8E9E003D2840 /* RhythmAndCo */,
			);
		};
/* End PBXProject section */

/* Begin PBXResourcesBuildPhase section */
		B15126AF295B8E9E003D2840 /* Resources */ = {
			isa = PBXResourcesBuildPhase;
			buildActionMask = 2147483647;
			files = (
				B15126E8295B9CE4003D2840 /* 4tracks.mid in Resources */,
				B15126E9295B9CE4003D2840 /* doi.mid in Resources */,
				B15126BC295B8E9F003D2840 /* Preview Assets.xcassets in Resources */,
				B15126E7295B9CDD003D2840 /* Demo.mid in Resources */,
				B15126B9295B8E9F003D2840 /* Assets.xcassets in Resources */,
			);
			runOnlyForDeploymentPostprocessing = 0;
		};
/* End PBXResourcesBuildPhase section */

/* Begin PBXSourcesBuildPhase section */
		B15126AD295B8E9E003D2840 /* Sources */ = {
			isa = PBXSourcesBuildPhase;
			buildActionMask = 2147483647;
			files = (
				B17743D02966113F00193632 /* AudioRecognition.swift in Sources */,
				B1F7FF29295B9F8900E764C1 /* PlayViewModel.swift in Sources */,
				B1F7FF2B295BA56500E764C1 /* Notes.swift in Sources */,
				B15126CE295B9304003D2840 /* PlayView.swift in Sources */,
				B15126B7295B8E9E003D2840 /* HomeView.swift in Sources */,
				B15126B5295B8E9E003D2840 /* RhythmAndCoApp.swift in Sources */,
			);
			runOnlyForDeploymentPostprocessing = 0;
		};
/* End PBXSourcesBuildPhase section */

/* Begin XCBuildConfiguration section */
		B15126BD295B8E9F003D2840 /* Debug */ = {
			isa = XCBuildConfiguration;
			buildSettings = {
				ALWAYS_SEARCH_USER_PATHS = NO;
				CLANG_ANALYZER_NONNULL = YES;
				CLANG_ANALYZER_NUMBER_OBJECT_CONVERSION = YES_AGGRESSIVE;
				CLANG_CXX_LANGUAGE_STANDARD = "gnu++20";
				CLANG_ENABLE_MODULES = YES;
				CLANG_ENABLE_OBJC_ARC = YES;
				CLANG_ENABLE_OBJC_WEAK = YES;
				CLANG_WARN_BLOCK_CAPTURE_AUTORELEASING = YES;
				CLANG_WARN_BOOL_CONVERSION = YES;
				CLANG_WARN_COMMA = YES;
				CLANG_WARN_CONSTANT_CONVERSION = YES;
				CLANG_WARN_DEPRECATED_OBJC_IMPLEMENTATIONS = YES;
				CLANG_WARN_DIRECT_OBJC_ISA_USAGE = YES_ERROR;
				CLANG_WARN_DOCUMENTATION_COMMENTS = YES;
				CLANG_WARN_EMPTY_BODY = YES;
				CLANG_WARN_ENUM_CONVERSION = YES;
				CLANG_WARN_INFINITE_RECURSION = YES;
				CLANG_WARN_INT_CONVERSION = YES;
				CLANG_WARN_NON_LITERAL_NULL_CONVERSION = YES;
				CLANG_WARN_OBJC_IMPLICIT_RETAIN_SELF = YES;
				CLANG_WARN_OBJC_LITERAL_CONVERSION = YES;
				CLANG_WARN_OBJC_ROOT_CLASS = YES_ERROR;
				CLANG_WARN_QUOTED_INCLUDE_IN_FRAMEWORK_HEADER = YES;
				CLANG_WARN_RANGE_LOOP_ANALYSIS = YES;
				CLANG_WARN_STRICT_PROTOTYPES = YES;
				CLANG_WARN_SUSPICIOUS_MOVE = YES;
				CLANG_WARN_UNGUARDED_AVAILABILITY = YES_AGGRESSIVE;
				CLANG_WARN_UNREACHABLE_CODE = YES;
				CLANG_WARN__DUPLICATE_METHOD_MATCH = YES;
				COPY_PHASE_STRIP = NO;
				DEBUG_INFORMATION_FORMAT = dwarf;
				ENABLE_STRICT_OBJC_MSGSEND = YES;
				ENABLE_TESTABILITY = YES;
				GCC_C_LANGUAGE_STANDARD = gnu11;
				GCC_DYNAMIC_NO_PIC = NO;
				GCC_NO_COMMON_BLOCKS = YES;
				GCC_OPTIMIZATION_LEVEL = 0;
				GCC_PREPROCESSOR_DEFINITIONS = (
					"DEBUG=1",
					"$(inherited)",
				);
				GCC_WARN_64_TO_32_BIT_CONVERSION = YES;
				GCC_WARN_ABOUT_RETURN_TYPE = YES_ERROR;
				GCC_WARN_UNDECLARED_SELECTOR = YES;
				GCC_WARN_UNINITIALIZED_AUTOS = YES_AGGRESSIVE;
				GCC_WARN_UNUSED_FUNCTION = YES;
				GCC_WARN_UNUSED_VARIABLE = YES;
				IPHONEOS_DEPLOYMENT_TARGET = 16.1;
				MTL_ENABLE_DEBUG_INFO = INCLUDE_SOURCE;
				MTL_FAST_MATH = YES;
				ONLY_ACTIVE_ARCH = YES;
				SDKROOT = iphoneos;
				SWIFT_ACTIVE_COMPILATION_CONDITIONS = DEBUG;
				SWIFT_OPTIMIZATION_LEVEL = "-Onone";
			};
			name = Debug;
		};
		B15126BE295B8E9F003D2840 /* Release */ = {
			isa = XCBuildConfiguration;
			buildSettings = {
				ALWAYS_SEARCH_USER_PATHS = NO;
				CLANG_ANALYZER_NONNULL = YES;
				CLANG_ANALYZER_NUMBER_OBJECT_CONVERSION = YES_AGGRESSIVE;
				CLANG_CXX_LANGUAGE_STANDARD = "gnu++20";
				CLANG_ENABLE_MODULES = YES;
				CLANG_ENABLE_OBJC_ARC = YES;
				CLANG_ENABLE_OBJC_WEAK = YES;
				CLANG_WARN_BLOCK_CAPTURE_AUTORELEASING = YES;
				CLANG_WARN_BOOL_CONVERSION = YES;
				CLANG_WARN_COMMA = YES;
				CLANG_WARN_CONSTANT_CONVERSION = YES;
				CLANG_WARN_DEPRECATED_OBJC_IMPLEMENTATIONS = YES;
				CLANG_WARN_DIRECT_OBJC_ISA_USAGE = YES_ERROR;
				CLANG_WARN_DOCUMENTATION_COMMENTS = YES;
				CLANG_WARN_EMPTY_BODY = YES;
				CLANG_WARN_ENUM_CONVERSION = YES;
				CLANG_WARN_INFINITE_RECURSION = YES;
				CLANG_WARN_INT_CONVERSION = YES;
				CLANG_WARN_NON_LITERAL_NULL_CONVERSION = YES;
				CLANG_WARN_OBJC_IMPLICIT_RETAIN_SELF = YES;
				CLANG_WARN_OBJC_LITERAL_CONVERSION = YES;
				CLANG_WARN_OBJC_ROOT_CLASS = YES_ERROR;
				CLANG_WARN_QUOTED_INCLUDE_IN_FRAMEWORK_HEADER = YES;
				CLANG_WARN_RANGE_LOOP_ANALYSIS = YES;
				CLANG_WARN_STRICT_PROTOTYPES = YES;
				CLANG_WARN_SUSPICIOUS_MOVE = YES;
				CLANG_WARN_UNGUARDED_AVAILABILITY = YES_AGGRESSIVE;
				CLANG_WARN_UNREACHABLE_CODE = YES;
				CLANG_WARN__DUPLICATE_METHOD_MATCH = YES;
				COPY_PHASE_STRIP = NO;
				DEBUG_INFORMATION_FORMAT = "dwarf-with-dsym";
				ENABLE_NS_ASSERTIONS = NO;
				ENABLE_STRICT_OBJC_MSGSEND = YES;
				GCC_C_LANGUAGE_STANDARD = gnu11;
				GCC_NO_COMMON_BLOCKS = YES;
				GCC_WARN_64_TO_32_BIT_CONVERSION = YES;
				GCC_WARN_ABOUT_RETURN_TYPE = YES_ERROR;
				GCC_WARN_UNDECLARED_SELECTOR = YES;
				GCC_WARN_UNINITIALIZED_AUTOS = YES_AGGRESSIVE;
				GCC_WARN_UNUSED_FUNCTION = YES;
				GCC_WARN_UNUSED_VARIABLE = YES;
				IPHONEOS_DEPLOYMENT_TARGET = 16.1;
				MTL_ENABLE_DEBUG_INFO = NO;
				MTL_FAST_MATH = YES;
				SDKROOT = iphoneos;
				SWIFT_COMPILATION_MODE = wholemodule;
				SWIFT_OPTIMIZATION_LEVEL = "-O";
				VALIDATE_PRODUCT = YES;
			};
			name = Release;
		};
		B15126C0295B8E9F003D2840 /* Debug */ = {
			isa = XCBuildConfiguration;
			buildSettings = {
				ASSETCATALOG_COMPILER_APPICON_NAME = AppIcon;
				ASSETCATALOG_COMPILER_GLOBAL_ACCENT_COLOR_NAME = AccentColor;
				CODE_SIGN_STYLE = Automatic;
				CURRENT_PROJECT_VERSION = 1;
				DEVELOPMENT_ASSET_PATHS = "\"RhythmAndCo/Preview Content\"";
				DEVELOPMENT_TEAM = 67697CY6GK;
				ENABLE_PREVIEWS = YES;
				GENERATE_INFOPLIST_FILE = YES;
				INFOPLIST_FILE = RhythmAndCo/Info.plist;
				INFOPLIST_KEY_UIApplicationSceneManifest_Generation = YES;
				INFOPLIST_KEY_UIApplicationSupportsIndirectInputEvents = YES;
				INFOPLIST_KEY_UILaunchScreen_Generation = YES;
				INFOPLIST_KEY_UISupportedInterfaceOrientations_iPad = "UIInterfaceOrientationPortrait UIInterfaceOrientationPortraitUpsideDown UIInterfaceOrientationLandscapeLeft UIInterfaceOrientationLandscapeRight";
				INFOPLIST_KEY_UISupportedInterfaceOrientations_iPhone = "UIInterfaceOrientationPortrait UIInterfaceOrientationLandscapeLeft UIInterfaceOrientationLandscapeRight";
				INFOPLIST_KEY_WKRunsIndependentlyOfCompanionApp = NO;
				LD_RUNPATH_SEARCH_PATHS = (
					"$(inherited)",
					"@executable_path/Frameworks",
				);
				MARKETING_VERSION = 1.0;
				PRODUCT_BUNDLE_IDENTIFIER = tgknyhn.RhythmAndCo;
				PRODUCT_NAME = "$(TARGET_NAME)";
				SWIFT_EMIT_LOC_STRINGS = YES;
				SWIFT_VERSION = 5.0;
				TARGETED_DEVICE_FAMILY = "1,2";
			};
			name = Debug;
		};
		B15126C1295B8E9F003D2840 /* Release */ = {
			isa = XCBuildConfiguration;
			buildSettings = {
				ASSETCATALOG_COMPILER_APPICON_NAME = AppIcon;
				ASSETCATALOG_COMPILER_GLOBAL_ACCENT_COLOR_NAME = AccentColor;
				CODE_SIGN_STYLE = Automatic;
				CURRENT_PROJECT_VERSION = 1;
				DEVELOPMENT_ASSET_PATHS = "\"RhythmAndCo/Preview Content\"";
				DEVELOPMENT_TEAM = 67697CY6GK;
				ENABLE_PREVIEWS = YES;
				GENERATE_INFOPLIST_FILE = YES;
				INFOPLIST_FILE = RhythmAndCo/Info.plist;
				INFOPLIST_KEY_UIApplicationSceneManifest_Generation = YES;
				INFOPLIST_KEY_UIApplicationSupportsIndirectInputEvents = YES;
				INFOPLIST_KEY_UILaunchScreen_Generation = YES;
				INFOPLIST_KEY_UISupportedInterfaceOrientations_iPad = "UIInterfaceOrientationPortrait UIInterfaceOrientationPortraitUpsideDown UIInterfaceOrientationLandscapeLeft UIInterfaceOrientationLandscapeRight";
				INFOPLIST_KEY_UISupportedInterfaceOrientations_iPhone = "UIInterfaceOrientationPortrait UIInterfaceOrientationLandscapeLeft UIInterfaceOrientationLandscapeRight";
				INFOPLIST_KEY_WKRunsIndependentlyOfCompanionApp = NO;
				LD_RUNPATH_SEARCH_PATHS = (
					"$(inherited)",
					"@executable_path/Frameworks",
				);
				MARKETING_VERSION = 1.0;
				PRODUCT_BUNDLE_IDENTIFIER = tgknyhn.RhythmAndCo;
				PRODUCT_NAME = "$(TARGET_NAME)";
				SWIFT_EMIT_LOC_STRINGS = YES;
				SWIFT_VERSION = 5.0;
				TARGETED_DEVICE_FAMILY = "1,2";
			};
			name = Release;
		};
/* End XCBuildConfiguration section */

/* Begin XCConfigurationList section */
		B15126AC295B8E9E003D2840 /* Build configuration list for PBXProject "RhythmAndCo" */ = {
			isa = XCConfigurationList;
			buildConfigurations = (
				B15126BD295B8E9F003D2840 /* Debug */,
				B15126BE295B8E9F003D2840 /* Release */,
			);
			defaultConfigurationIsVisible = 0;
			defaultConfigurationName = Release;
		};
		B15126BF295B8E9F003D2840 /* Build configuration list for PBXNativeTarget "RhythmAndCo" */ = {
			isa = XCConfigurationList;
			buildConfigurations = (
				B15126C0295B8E9F003D2840 /* Debug */,
				B15126C1295B8E9F003D2840 /* Release */,
			);
			defaultConfigurationIsVisible = 0;
			defaultConfigurationName = Release;
		};
/* End XCConfigurationList section */

/* Begin XCRemoteSwiftPackageReference section */
		B15126D6295B93E9003D2840 /* XCRemoteSwiftPackageReference "AudioKit" */ = {
			isa = XCRemoteSwiftPackageReference;
			repositoryURL = "https://github.com/AudioKit/AudioKit.git";
			requirement = {
				kind = upToNextMajorVersion;
				minimumVersion = 5.0.0;
			};
		};
		B17743D12966125300193632 /* XCRemoteSwiftPackageReference "SoundpipeAudioKit" */ = {
			isa = XCRemoteSwiftPackageReference;
			repositoryURL = "https://github.com/AudioKit/SoundpipeAudioKit.git";
			requirement = {
				kind = upToNextMajorVersion;
				minimumVersion = 5.0.0;
			};
		};
		B1FEDF6B295EF8C000DDA758 /* XCRemoteSwiftPackageReference "Fretboard" */ = {
			isa = XCRemoteSwiftPackageReference;
			repositoryURL = "https://github.com/itsmeichigo/Fretboard.git";
			requirement = {
				branch = main;
				kind = branch;
			};
		};
/* End XCRemoteSwiftPackageReference section */

/* Begin XCSwiftPackageProductDependency section */
		B15126D7295B93E9003D2840 /* AudioKit */ = {
			isa = XCSwiftPackageProductDependency;
			package = B15126D6295B93E9003D2840 /* XCRemoteSwiftPackageReference "AudioKit" */;
			productName = AudioKit;
		};
		B17743D22966125300193632 /* SoundpipeAudioKit */ = {
			isa = XCSwiftPackageProductDependency;
			package = B17743D12966125300193632 /* XCRemoteSwiftPackageReference "SoundpipeAudioKit" */;
			productName = SoundpipeAudioKit;
		};
		B1FEDF6C295EF8C000DDA758 /* Fretboard */ = {
			isa = XCSwiftPackageProductDependency;
			package = B1FEDF6B295EF8C000DDA758 /* XCRemoteSwiftPackageReference "Fretboard" */;
			productName = Fretboard;
		};
/* End XCSwiftPackageProductDependency section */
	};
	rootObject = B15126A9295B8E9E003D2840 /* Project object */;
}
